// !$*UTF8*$!
{
	archiveVersion = 1;
	classes = {
	};
	objectVersion = 46;
	objects = {

/* Begin PBXBuildFile section */
		A4E253C9166D716900DCDC2C /* PluginSoomla.mm in Sources */ = {isa = PBXBuildFile; fileRef = A447B617165D734C009EA762 /* PluginSoomla.mm */; };
		AE28130E18D8AC9B00B238B7 /* EventListener.m in Sources */ = {isa = PBXBuildFile; fileRef = AE28130D18D8AC9B00B238B7 /* EventListener.m */; };
		AE94F25D18DB5B0C00A706F3 /* NSArray+Lua.m in Sources */ = {isa = PBXBuildFile; fileRef = AE94F25C18DB5B0C00A706F3 /* NSArray+Lua.m */; };
		AE95D06518CA0EAB0042E6C2 /* SoomlaStore.m in Sources */ = {isa = PBXBuildFile; fileRef = AE95D06418CA0EAB0042E6C2 /* SoomlaStore.m */; };
		AE95D06E18CA1CEF0042E6C2 /* libSoomlaiOSStore.a in Frameworks */ = {isa = PBXBuildFile; fileRef = AEE8549718C8CD33004444C3 /* libSoomlaiOSStore.a */; };
		AE95D07218CA39EC0042E6C2 /* NSDictionary+Lua.m in Sources */ = {isa = PBXBuildFile; fileRef = AE95D07118CA39EC0042E6C2 /* NSDictionary+Lua.m */; };
		AE99060F18CF61EE00A27C6B /* PurchaseType+Lua.m in Sources */ = {isa = PBXBuildFile; fileRef = AE99060E18CF61EE00A27C6B /* PurchaseType+Lua.m */; };
		AE99061218CF664600A27C6B /* AppStoreItem+Lua.m in Sources */ = {isa = PBXBuildFile; fileRef = AE99061118CF664600A27C6B /* AppStoreItem+Lua.m */; };
		AEC863D818D374FC00A38EA3 /* VirtualCurrencyPack+Lua.m in Sources */ = {isa = PBXBuildFile; fileRef = AEC863D718D374FC00A38EA3 /* VirtualCurrencyPack+Lua.m */; };
		AED722A918D1EB9600C62C24 /* VirtualItem+Lua.m in Sources */ = {isa = PBXBuildFile; fileRef = AED722A818D1EB9600C62C24 /* VirtualItem+Lua.m */; };
		AED722AF18D1EC8400C62C24 /* PurchasableVirtualItem+Lua.m in Sources */ = {isa = PBXBuildFile; fileRef = AED722AE18D1EC8400C62C24 /* PurchasableVirtualItem+Lua.m */; };
		AED722B518D1FDFB00C62C24 /* EquippableVG+Lua.m in Sources */ = {isa = PBXBuildFile; fileRef = AED722B418D1FDFB00C62C24 /* EquippableVG+Lua.m */; };
		AED722B818D2010800C62C24 /* SingleUsePackVG+Lua.m in Sources */ = {isa = PBXBuildFile; fileRef = AED722B718D2010800C62C24 /* SingleUsePackVG+Lua.m */; };
		AED722BB18D2044100C62C24 /* UpgradeVG+Lua.m in Sources */ = {isa = PBXBuildFile; fileRef = AED722BA18D2044100C62C24 /* UpgradeVG+Lua.m */; };
		AED722BE18D2220D00C62C24 /* VirtualCategory+Lua.m in Sources */ = {isa = PBXBuildFile; fileRef = AED722BD18D2220D00C62C24 /* VirtualCategory+Lua.m */; };
/* End PBXBuildFile section */

/* Begin PBXContainerItemProxy section */
		AEE8549618C8CD33004444C3 /* PBXContainerItemProxy */ = {
			isa = PBXContainerItemProxy;
			containerPortal = AEE8549218C8CD32004444C3 /* SoomlaiOSStore.xcodeproj */;
			proxyType = 2;
			remoteGlobalIDString = C02CEC42160DC870000AA0D2;
			remoteInfo = SoomlaiOSStore;
		};
		AEE8549818C8E131004444C3 /* PBXContainerItemProxy */ = {
			isa = PBXContainerItemProxy;
			containerPortal = AEE8549218C8CD32004444C3 /* SoomlaiOSStore.xcodeproj */;
			proxyType = 1;
			remoteGlobalIDString = C02CEC41160DC870000AA0D2;
			remoteInfo = SoomlaiOSStore;
		};
/* End PBXContainerItemProxy section */

/* Begin PBXCopyFilesBuildPhase section */
		A4E253B4166D6FB300DCDC2C /* CopyFiles */ = {
			isa = PBXCopyFilesBuildPhase;
			buildActionMask = 2147483647;
			dstPath = "include/${PRODUCT_NAME}";
			dstSubfolderSpec = 16;
			files = (
			);
			runOnlyForDeploymentPostprocessing = 0;
		};
/* End PBXCopyFilesBuildPhase section */

/* Begin PBXFileReference section */
		A447B616165D734C009EA762 /* PluginSoomla.h */ = {isa = PBXFileReference; fileEncoding = 4; lastKnownFileType = sourcecode.c.h; name = PluginSoomla.h; path = Plugin/PluginSoomla.h; sourceTree = "<group>"; };
		A447B617165D734C009EA762 /* PluginSoomla.mm */ = {isa = PBXFileReference; fileEncoding = 4; lastKnownFileType = sourcecode.cpp.objcpp; name = PluginSoomla.mm; path = Plugin/PluginSoomla.mm; sourceTree = "<group>"; };
		A4E253B6166D6FB300DCDC2C /* libplugin_library.a */ = {isa = PBXFileReference; explicitFileType = archive.ar; includeInIndex = 0; path = libplugin_library.a; sourceTree = BUILT_PRODUCTS_DIR; };
		AE28130C18D8AC9B00B238B7 /* EventListener.h */ = {isa = PBXFileReference; fileEncoding = 4; lastKnownFileType = sourcecode.c.h; name = EventListener.h; path = Plugin/EventListener.h; sourceTree = "<group>"; };
		AE28130D18D8AC9B00B238B7 /* EventListener.m */ = {isa = PBXFileReference; fileEncoding = 4; lastKnownFileType = sourcecode.c.objc; name = EventListener.m; path = Plugin/EventListener.m; sourceTree = "<group>"; };
		AE94F25B18DB5B0C00A706F3 /* NSArray+Lua.h */ = {isa = PBXFileReference; fileEncoding = 4; lastKnownFileType = sourcecode.c.h; name = "NSArray+Lua.h"; path = "Plugin/NSArray_Lua/NSArray+Lua.h"; sourceTree = "<group>"; };
		AE94F25C18DB5B0C00A706F3 /* NSArray+Lua.m */ = {isa = PBXFileReference; fileEncoding = 4; lastKnownFileType = sourcecode.c.objc; name = "NSArray+Lua.m"; path = "Plugin/NSArray_Lua/NSArray+Lua.m"; sourceTree = "<group>"; };
		AE95D06318CA0EAB0042E6C2 /* SoomlaStore.h */ = {isa = PBXFileReference; fileEncoding = 4; lastKnownFileType = sourcecode.c.h; name = SoomlaStore.h; path = Plugin/SoomlaStore.h; sourceTree = "<group>"; };
		AE95D06418CA0EAB0042E6C2 /* SoomlaStore.m */ = {isa = PBXFileReference; fileEncoding = 4; lastKnownFileType = sourcecode.c.objc; name = SoomlaStore.m; path = Plugin/SoomlaStore.m; sourceTree = "<group>"; };
		AE95D07018CA39EC0042E6C2 /* NSDictionary+Lua.h */ = {isa = PBXFileReference; fileEncoding = 4; lastKnownFileType = sourcecode.c.h; name = "NSDictionary+Lua.h"; path = "Plugin/NSDictionary_Lua/NSDictionary+Lua.h"; sourceTree = "<group>"; };
		AE95D07118CA39EC0042E6C2 /* NSDictionary+Lua.m */ = {isa = PBXFileReference; fileEncoding = 4; lastKnownFileType = sourcecode.c.objc; name = "NSDictionary+Lua.m"; path = "Plugin/NSDictionary_Lua/NSDictionary+Lua.m"; sourceTree = "<group>"; };
		AE99060D18CF61EE00A27C6B /* PurchaseType+Lua.h */ = {isa = PBXFileReference; fileEncoding = 4; lastKnownFileType = sourcecode.c.h; name = "PurchaseType+Lua.h"; path = "Plugin/PurchaseTypes/PurchaseType+Lua.h"; sourceTree = "<group>"; };
		AE99060E18CF61EE00A27C6B /* PurchaseType+Lua.m */ = {isa = PBXFileReference; fileEncoding = 4; lastKnownFileType = sourcecode.c.objc; name = "PurchaseType+Lua.m"; path = "Plugin/PurchaseTypes/PurchaseType+Lua.m"; sourceTree = "<group>"; };
		AE99061018CF664600A27C6B /* AppStoreItem+Lua.h */ = {isa = PBXFileReference; fileEncoding = 4; lastKnownFileType = sourcecode.c.h; name = "AppStoreItem+Lua.h"; path = "Plugin/domain/AppStoreItem+Lua.h"; sourceTree = "<group>"; };
		AE99061118CF664600A27C6B /* AppStoreItem+Lua.m */ = {isa = PBXFileReference; fileEncoding = 4; lastKnownFileType = sourcecode.c.objc; name = "AppStoreItem+Lua.m"; path = "Plugin/domain/AppStoreItem+Lua.m"; sourceTree = "<group>"; };
		AEC863D618D374FC00A38EA3 /* VirtualCurrencyPack+Lua.h */ = {isa = PBXFileReference; fileEncoding = 4; lastKnownFileType = sourcecode.c.h; name = "VirtualCurrencyPack+Lua.h"; path = "Plugin/domain/virtualCurrencies/VirtualCurrencyPack+Lua.h"; sourceTree = "<group>"; };
		AEC863D718D374FC00A38EA3 /* VirtualCurrencyPack+Lua.m */ = {isa = PBXFileReference; fileEncoding = 4; lastKnownFileType = sourcecode.c.objc; name = "VirtualCurrencyPack+Lua.m"; path = "Plugin/domain/virtualCurrencies/VirtualCurrencyPack+Lua.m"; sourceTree = "<group>"; };
		AED722A718D1EB9600C62C24 /* VirtualItem+Lua.h */ = {isa = PBXFileReference; fileEncoding = 4; lastKnownFileType = sourcecode.c.h; name = "VirtualItem+Lua.h"; path = "Plugin/domain/VirtualItem+Lua.h"; sourceTree = "<group>"; };
		AED722A818D1EB9600C62C24 /* VirtualItem+Lua.m */ = {isa = PBXFileReference; fileEncoding = 4; lastKnownFileType = sourcecode.c.objc; name = "VirtualItem+Lua.m"; path = "Plugin/domain/VirtualItem+Lua.m"; sourceTree = "<group>"; };
		AED722AD18D1EC8400C62C24 /* PurchasableVirtualItem+Lua.h */ = {isa = PBXFileReference; fileEncoding = 4; lastKnownFileType = sourcecode.c.h; name = "PurchasableVirtualItem+Lua.h"; path = "Plugin/domain/PurchasableVirtualItem+Lua.h"; sourceTree = "<group>"; };
		AED722AE18D1EC8400C62C24 /* PurchasableVirtualItem+Lua.m */ = {isa = PBXFileReference; fileEncoding = 4; lastKnownFileType = sourcecode.c.objc; name = "PurchasableVirtualItem+Lua.m"; path = "Plugin/domain/PurchasableVirtualItem+Lua.m"; sourceTree = "<group>"; };
		AED722B318D1FDFB00C62C24 /* EquippableVG+Lua.h */ = {isa = PBXFileReference; fileEncoding = 4; lastKnownFileType = sourcecode.c.h; name = "EquippableVG+Lua.h"; path = "Plugin/domain/virtualGoods/EquippableVG+Lua.h"; sourceTree = "<group>"; };
		AED722B418D1FDFB00C62C24 /* EquippableVG+Lua.m */ = {isa = PBXFileReference; fileEncoding = 4; lastKnownFileType = sourcecode.c.objc; name = "EquippableVG+Lua.m"; path = "Plugin/domain/virtualGoods/EquippableVG+Lua.m"; sourceTree = "<group>"; };
		AED722B618D2010800C62C24 /* SingleUsePackVG+Lua.h */ = {isa = PBXFileReference; fileEncoding = 4; lastKnownFileType = sourcecode.c.h; name = "SingleUsePackVG+Lua.h"; path = "Plugin/domain/virtualGoods/SingleUsePackVG+Lua.h"; sourceTree = "<group>"; };
		AED722B718D2010800C62C24 /* SingleUsePackVG+Lua.m */ = {isa = PBXFileReference; fileEncoding = 4; lastKnownFileType = sourcecode.c.objc; name = "SingleUsePackVG+Lua.m"; path = "Plugin/domain/virtualGoods/SingleUsePackVG+Lua.m"; sourceTree = "<group>"; };
		AED722B918D2044100C62C24 /* UpgradeVG+Lua.h */ = {isa = PBXFileReference; fileEncoding = 4; lastKnownFileType = sourcecode.c.h; path = "UpgradeVG+Lua.h"; sourceTree = "<group>"; };
		AED722BA18D2044100C62C24 /* UpgradeVG+Lua.m */ = {isa = PBXFileReference; fileEncoding = 4; lastKnownFileType = sourcecode.c.objc; path = "UpgradeVG+Lua.m"; sourceTree = "<group>"; };
		AED722BC18D2220D00C62C24 /* VirtualCategory+Lua.h */ = {isa = PBXFileReference; fileEncoding = 4; lastKnownFileType = sourcecode.c.h; name = "VirtualCategory+Lua.h"; path = "Plugin/domain/VirtualCategory+Lua.h"; sourceTree = "<group>"; };
		AED722BD18D2220D00C62C24 /* VirtualCategory+Lua.m */ = {isa = PBXFileReference; fileEncoding = 4; lastKnownFileType = sourcecode.c.objc; name = "VirtualCategory+Lua.m"; path = "Plugin/domain/VirtualCategory+Lua.m"; sourceTree = "<group>"; };
		AEE8549218C8CD32004444C3 /* SoomlaiOSStore.xcodeproj */ = {isa = PBXFileReference; lastKnownFileType = "wrapper.pb-project"; name = SoomlaiOSStore.xcodeproj; path = Soomla_iOS/SoomlaiOSStore.xcodeproj; sourceTree = "<group>"; };
/* End PBXFileReference section */

/* Begin PBXFrameworksBuildPhase section */
		A4E253B3166D6FB300DCDC2C /* Frameworks */ = {
			isa = PBXFrameworksBuildPhase;
			buildActionMask = 2147483647;
			files = (
				AE95D06E18CA1CEF0042E6C2 /* libSoomlaiOSStore.a in Frameworks */,
			);
			runOnlyForDeploymentPostprocessing = 0;
		};
/* End PBXFrameworksBuildPhase section */

/* Begin PBXGroup section */
		A447B609165D72A6009EA762 /* Source */ = {
			isa = PBXGroup;
			children = (
				AE94F25A18DB5ADA00A706F3 /* NSArray+Lua */,
				AE99060C18CF61CA00A27C6B /* PurchaseTypes */,
				AE99060718CF600900A27C6B /* domain */,
				AE95D06F18CA39A20042E6C2 /* NSDictionary+Lua */,
				A447B616165D734C009EA762 /* PluginSoomla.h */,
				A447B617165D734C009EA762 /* PluginSoomla.mm */,
				AE95D06318CA0EAB0042E6C2 /* SoomlaStore.h */,
				AE95D06418CA0EAB0042E6C2 /* SoomlaStore.m */,
				AE28130C18D8AC9B00B238B7 /* EventListener.h */,
				AE28130D18D8AC9B00B238B7 /* EventListener.m */,
			);
			name = Source;
			sourceTree = "<group>";
		};
		A484110E15114F700074BD57 = {
			isa = PBXGroup;
			children = (
				A447B609165D72A6009EA762 /* Source */,
				A484111A15114F700074BD57 /* Products */,
				AEE8549218C8CD32004444C3 /* SoomlaiOSStore.xcodeproj */,
			);
			sourceTree = "<group>";
		};
		A484111A15114F700074BD57 /* Products */ = {
			isa = PBXGroup;
			children = (
				A4E253B6166D6FB300DCDC2C /* libplugin_library.a */,
			);
			name = Products;
			sourceTree = "<group>";
		};
		AE94F25A18DB5ADA00A706F3 /* NSArray+Lua */ = {
			isa = PBXGroup;
			children = (
				AE94F25B18DB5B0C00A706F3 /* NSArray+Lua.h */,
				AE94F25C18DB5B0C00A706F3 /* NSArray+Lua.m */,
			);
			name = "NSArray+Lua";
			sourceTree = "<group>";
		};
		AE95D06F18CA39A20042E6C2 /* NSDictionary+Lua */ = {
			isa = PBXGroup;
			children = (
				AE95D07018CA39EC0042E6C2 /* NSDictionary+Lua.h */,
				AE95D07118CA39EC0042E6C2 /* NSDictionary+Lua.m */,
			);
			name = "NSDictionary+Lua";
			sourceTree = "<group>";
		};
		AE99060718CF600900A27C6B /* domain */ = {
			isa = PBXGroup;
			children = (
				AEC863D518D374E400A38EA3 /* virtualCurrencies */,
				AED722B218D1FDDB00C62C24 /* virtualGoods */,
				AE99061018CF664600A27C6B /* AppStoreItem+Lua.h */,
				AE99061118CF664600A27C6B /* AppStoreItem+Lua.m */,
				AED722A718D1EB9600C62C24 /* VirtualItem+Lua.h */,
				AED722A818D1EB9600C62C24 /* VirtualItem+Lua.m */,
				AED722AD18D1EC8400C62C24 /* PurchasableVirtualItem+Lua.h */,
				AED722AE18D1EC8400C62C24 /* PurchasableVirtualItem+Lua.m */,
				AED722BC18D2220D00C62C24 /* VirtualCategory+Lua.h */,
				AED722BD18D2220D00C62C24 /* VirtualCategory+Lua.m */,
			);
			name = domain;
			sourceTree = "<group>";
		};
		AE99060C18CF61CA00A27C6B /* PurchaseTypes */ = {
			isa = PBXGroup;
			children = (
				AE99060D18CF61EE00A27C6B /* PurchaseType+Lua.h */,
				AE99060E18CF61EE00A27C6B /* PurchaseType+Lua.m */,
			);
			name = PurchaseTypes;
			sourceTree = "<group>";
		};
		AEC863D518D374E400A38EA3 /* virtualCurrencies */ = {
			isa = PBXGroup;
			children = (
				AEC863D618D374FC00A38EA3 /* VirtualCurrencyPack+Lua.h */,
				AEC863D718D374FC00A38EA3 /* VirtualCurrencyPack+Lua.m */,
			);
			name = virtualCurrencies;
			sourceTree = "<group>";
		};
		AED722B218D1FDDB00C62C24 /* virtualGoods */ = {
			isa = PBXGroup;
			children = (
				AED722B318D1FDFB00C62C24 /* EquippableVG+Lua.h */,
				AED722B418D1FDFB00C62C24 /* EquippableVG+Lua.m */,
				AED722B618D2010800C62C24 /* SingleUsePackVG+Lua.h */,
				AED722B718D2010800C62C24 /* SingleUsePackVG+Lua.m */,
				AED722B918D2044100C62C24 /* UpgradeVG+Lua.h */,
				AED722BA18D2044100C62C24 /* UpgradeVG+Lua.m */,
			);
			name = virtualGoods;
			sourceTree = "<group>";
		};
		AEE8549318C8CD32004444C3 /* Products */ = {
			isa = PBXGroup;
			children = (
				AEE8549718C8CD33004444C3 /* libSoomlaiOSStore.a */,
			);
			name = Products;
			sourceTree = "<group>";
		};
/* End PBXGroup section */

/* Begin PBXNativeTarget section */
		A4E253B5166D6FB300DCDC2C /* plugin_library */ = {
			isa = PBXNativeTarget;
			buildConfigurationList = A4E253BF166D6FB300DCDC2C /* Build configuration list for PBXNativeTarget "plugin_library" */;
			buildPhases = (
				A4E253B2166D6FB300DCDC2C /* Sources */,
				A4E253B3166D6FB300DCDC2C /* Frameworks */,
				A4E253B4166D6FB300DCDC2C /* CopyFiles */,
			);
			buildRules = (
			);
			dependencies = (
				AEE8549918C8E131004444C3 /* PBXTargetDependency */,
			);
			name = plugin_library;
			productName = plugin_library;
			productReference = A4E253B6166D6FB300DCDC2C /* libplugin_library.a */;
			productType = "com.apple.product-type.library.static";
		};
/* End PBXNativeTarget section */

/* Begin PBXProject section */
		A484111015114F700074BD57 /* Project object */ = {
			isa = PBXProject;
			attributes = {
				LastUpgradeCheck = 0510;
			};
			buildConfigurationList = A484111315114F700074BD57 /* Build configuration list for PBXProject "Plugin" */;
			compatibilityVersion = "Xcode 3.2";
			developmentRegion = English;
			hasScannedForEncodings = 0;
			knownRegions = (
				en,
			);
			mainGroup = A484110E15114F700074BD57;
			productRefGroup = A484111A15114F700074BD57 /* Products */;
			projectDirPath = "";
			projectReferences = (
				{
					ProductGroup = AEE8549318C8CD32004444C3 /* Products */;
					ProjectRef = AEE8549218C8CD32004444C3 /* SoomlaiOSStore.xcodeproj */;
				},
			);
			projectRoot = "";
			targets = (
				A4E253B5166D6FB300DCDC2C /* plugin_library */,
			);
		};
/* End PBXProject section */

/* Begin PBXReferenceProxy section */
		AEE8549718C8CD33004444C3 /* libSoomlaiOSStore.a */ = {
			isa = PBXReferenceProxy;
			fileType = archive.ar;
			path = libSoomlaiOSStore.a;
			remoteRef = AEE8549618C8CD33004444C3 /* PBXContainerItemProxy */;
			sourceTree = BUILT_PRODUCTS_DIR;
		};
/* End PBXReferenceProxy section */

/* Begin PBXSourcesBuildPhase section */
		A4E253B2166D6FB300DCDC2C /* Sources */ = {
			isa = PBXSourcesBuildPhase;
			buildActionMask = 2147483647;
			files = (
				AE95D06518CA0EAB0042E6C2 /* SoomlaStore.m in Sources */,
				AED722B818D2010800C62C24 /* SingleUsePackVG+Lua.m in Sources */,
				A4E253C9166D716900DCDC2C /* PluginSoomla.mm in Sources */,
				AE99060F18CF61EE00A27C6B /* PurchaseType+Lua.m in Sources */,
				AED722AF18D1EC8400C62C24 /* PurchasableVirtualItem+Lua.m in Sources */,
				AE95D07218CA39EC0042E6C2 /* NSDictionary+Lua.m in Sources */,
				AE28130E18D8AC9B00B238B7 /* EventListener.m in Sources */,
				AEC863D818D374FC00A38EA3 /* VirtualCurrencyPack+Lua.m in Sources */,
				AE99061218CF664600A27C6B /* AppStoreItem+Lua.m in Sources */,
				AE94F25D18DB5B0C00A706F3 /* NSArray+Lua.m in Sources */,
				AED722BE18D2220D00C62C24 /* VirtualCategory+Lua.m in Sources */,
				AED722A918D1EB9600C62C24 /* VirtualItem+Lua.m in Sources */,
				AED722BB18D2044100C62C24 /* UpgradeVG+Lua.m in Sources */,
				AED722B518D1FDFB00C62C24 /* EquippableVG+Lua.m in Sources */,
			);
			runOnlyForDeploymentPostprocessing = 0;
		};
/* End PBXSourcesBuildPhase section */

/* Begin PBXTargetDependency section */
		AEE8549918C8E131004444C3 /* PBXTargetDependency */ = {
			isa = PBXTargetDependency;
			name = SoomlaiOSStore;
			targetProxy = AEE8549818C8E131004444C3 /* PBXContainerItemProxy */;
		};
/* End PBXTargetDependency section */

/* Begin XCBuildConfiguration section */
		A484114015114F700074BD57 /* Debug */ = {
			isa = XCBuildConfiguration;
			buildSettings = {
				ALWAYS_SEARCH_USER_PATHS = NO;
				ARCHS = (
					armv7s,
					armv7,
				);
				"ARCHS[sdk=iphoneos*]" = armv7;
				CLANG_WARN_BOOL_CONVERSION = YES;
				CLANG_WARN_CONSTANT_CONVERSION = YES;
				CLANG_WARN_EMPTY_BODY = YES;
				CLANG_WARN_ENUM_CONVERSION = YES;
				CLANG_WARN_INT_CONVERSION = YES;
				CLANG_WARN__DUPLICATE_METHOD_MATCH = YES;
				"CODE_SIGN_IDENTITY[sdk=iphoneos*]" = "iPhone Developer";
				COPY_PHASE_STRIP = NO;
				GCC_C_LANGUAGE_STANDARD = gnu99;
				GCC_DYNAMIC_NO_PIC = NO;
				GCC_OPTIMIZATION_LEVEL = 0;
				GCC_PREPROCESSOR_DEFINITIONS = (
					"DEBUG=1",
					"$(inherited)",
				);
				GCC_SYMBOLS_PRIVATE_EXTERN = NO;
				GCC_VERSION = com.apple.compilers.llvm.clang.1_0;
				GCC_WARN_64_TO_32_BIT_CONVERSION = YES;
				GCC_WARN_ABOUT_MISSING_PROTOTYPES = YES;
				GCC_WARN_ABOUT_RETURN_TYPE = YES;
				GCC_WARN_UNDECLARED_SELECTOR = YES;
				GCC_WARN_UNINITIALIZED_AUTOS = YES;
				GCC_WARN_UNUSED_FUNCTION = YES;
				GCC_WARN_UNUSED_VARIABLE = YES;
				IPHONEOS_DEPLOYMENT_TARGET = 6.0;
				ONLY_ACTIVE_ARCH = YES;
				SDKROOT = iphoneos;
				TARGETED_DEVICE_FAMILY = "1,2";
				USER_HEADER_SEARCH_PATHS = "${SRCROOT}/CoronaEnterprise/Corona/shared/include/Corona ${SRCROOT}/CoronaEnterprise/Corona/shared/include/lua ${SRCROOT}/CoronaEnterprise/Corona/ios/include/Corona";
			};
			name = Debug;
		};
		A484114115114F700074BD57 /* Release */ = {
			isa = XCBuildConfiguration;
			buildSettings = {
				ALWAYS_SEARCH_USER_PATHS = NO;
				ARCHS = (
					armv7s,
					armv7,
				);
				"ARCHS[sdk=iphoneos*]" = armv7;
				CLANG_WARN_BOOL_CONVERSION = YES;
				CLANG_WARN_CONSTANT_CONVERSION = YES;
				CLANG_WARN_EMPTY_BODY = YES;
				CLANG_WARN_ENUM_CONVERSION = YES;
				CLANG_WARN_INT_CONVERSION = YES;
				CLANG_WARN__DUPLICATE_METHOD_MATCH = YES;
				"CODE_SIGN_IDENTITY[sdk=iphoneos*]" = "iPhone Developer";
				COPY_PHASE_STRIP = YES;
				GCC_C_LANGUAGE_STANDARD = gnu99;
				GCC_VERSION = com.apple.compilers.llvm.clang.1_0;
				GCC_WARN_64_TO_32_BIT_CONVERSION = YES;
				GCC_WARN_ABOUT_MISSING_PROTOTYPES = YES;
				GCC_WARN_ABOUT_RETURN_TYPE = YES;
				GCC_WARN_UNDECLARED_SELECTOR = YES;
				GCC_WARN_UNINITIALIZED_AUTOS = YES;
				GCC_WARN_UNUSED_FUNCTION = YES;
				GCC_WARN_UNUSED_VARIABLE = YES;
				IPHONEOS_DEPLOYMENT_TARGET = 6.0;
				OTHER_CFLAGS = "-DNS_BLOCK_ASSERTIONS=1";
				SDKROOT = iphoneos;
				TARGETED_DEVICE_FAMILY = "1,2";
				USER_HEADER_SEARCH_PATHS = "${SRCROOT}/CoronaEnterprise/Corona/shared/include/Corona ${SRCROOT}/CoronaEnterprise/Corona/shared/include/lua ${SRCROOT}/CoronaEnterprise/Corona/ios/include/Corona";
				VALIDATE_PRODUCT = YES;
			};
			name = Release;
		};
		A4E253C0166D6FB300DCDC2C /* Debug */ = {
			isa = XCBuildConfiguration;
			buildSettings = {
				CLANG_WARN_EMPTY_BODY = YES;
				CLANG_WARN__DUPLICATE_METHOD_MATCH = YES;
				DSTROOT = /tmp/plugin_library.dst;
				GCC_PRECOMPILE_PREFIX_HEADER = NO;
				GCC_WARN_UNINITIALIZED_AUTOS = YES;
				HEADER_SEARCH_PATHS = (
					"$(inherited)",
					/Applications/Xcode.app/Contents/Developer/Toolchains/XcodeDefault.xctoolchain/usr/include,
					"$(SRCROOT)/Soomla_iOS/SoomlaiOSStore",
				);
				OTHER_LDFLAGS = "-ObjC";
				PRODUCT_NAME = "$(TARGET_NAME)";
				SKIP_INSTALL = YES;
				USER_HEADER_SEARCH_PATHS = "${SRCROOT}/CoronaEnterprise/Corona/shared/include/Corona ${SRCROOT}/CoronaEnterprise/Corona/shared/include/lua ${SRCROOT}/CoronaEnterprise/Corona/ios/include/Corona ${SRCROOT}/Soomla_iOS/SoomlaiOSStore/**";
			};
			name = Debug;
		};
		A4E253C1166D6FB300DCDC2C /* Release */ = {
			isa = XCBuildConfiguration;
			buildSettings = {
				CLANG_WARN_EMPTY_BODY = YES;
				CLANG_WARN__DUPLICATE_METHOD_MATCH = YES;
				DSTROOT = /tmp/plugin_library.dst;
				GCC_PRECOMPILE_PREFIX_HEADER = NO;
				GCC_WARN_UNINITIALIZED_AUTOS = YES;
				HEADER_SEARCH_PATHS = (
					"$(inherited)",
					/Applications/Xcode.app/Contents/Developer/Toolchains/XcodeDefault.xctoolchain/usr/include,
					"$(SRCROOT)/Soomla_iOS/SoomlaiOSStore",
				);
				OTHER_LDFLAGS = "-ObjC";
				PRODUCT_NAME = "$(TARGET_NAME)";
				SKIP_INSTALL = YES;
				USER_HEADER_SEARCH_PATHS = "${SRCROOT}/CoronaEnterprise/Corona/shared/include/Corona ${SRCROOT}/CoronaEnterprise/Corona/shared/include/lua ${SRCROOT}/CoronaEnterprise/Corona/ios/include/Corona ${SRCROOT}/Soomla_iOS/SoomlaiOSStore/**";
			};
			name = Release;
		};
/* End XCBuildConfiguration section */

/* Begin XCConfigurationList section */
		A484111315114F700074BD57 /* Build configuration list for PBXProject "Plugin" */ = {
			isa = XCConfigurationList;
			buildConfigurations = (
				A484114015114F700074BD57 /* Debug */,
				A484114115114F700074BD57 /* Release */,
			);
			defaultConfigurationIsVisible = 0;
			defaultConfigurationName = Release;
		};
		A4E253BF166D6FB300DCDC2C /* Build configuration list for PBXNativeTarget "plugin_library" */ = {
			isa = XCConfigurationList;
			buildConfigurations = (
				A4E253C0166D6FB300DCDC2C /* Debug */,
				A4E253C1166D6FB300DCDC2C /* Release */,
			);
			defaultConfigurationIsVisible = 0;
			defaultConfigurationName = Release;
		};
/* End XCConfigurationList section */
	};
	rootObject = A484111015114F700074BD57 /* Project object */;
}
